github.com/zeebo/assert v0.0.0-20181109011804-10f827ce2ed6 h1:bs7mSHVrLRQHxqWcm0hyez0sA23YuXb8Pwnq5NhyZ8A=
github.com/zeebo/assert v0.0.0-20181109011804-10f827ce2ed6/go.mod h1:yssERNPivllc1yU3BvpjYI5BUW+zglcz6QWqeVRL5t0=
github.com/zeebo/errs v1.1.1 h1:Cs5Noqj/tj3Ql/hLkD9WdumKlssx/IN2zr7CRGNOKZA=
github.com/zeebo/errs v1.1.1/go.mod h1:Yj8dHrUQwls1bF3dr/vcSIu+qf4mI7idnTcHfoACc6I=
